
Microsoft Visual Studio Solution File, Format Version 12.00
# Visual Studio 2013
VisualStudioVersion = 12.0.21005.1
MinimumVisualStudioVersion = 10.0.40219.1
Project("{FAE04EC0-301F-11D3-BF4B-00C04F79EFBC}") = "TrainBooking", "TrainBooking\TrainBooking.csproj", "{A0A581E5-9918-4C97-A2F2-143A7D670F0A}"
EndProject
Project("{FAE04EC0-301F-11D3-BF4B-00C04F79EFBC}") = "TrainBooking.BL", "BL\TrainBooking.BL.csproj", "{EA8CB5D4-426F-435D-A244-CDDE70C47503}"
EndProject
Project("{FAE04EC0-301F-11D3-BF4B-00C04F79EFBC}") = "TrainBooking.DAL", "DAL\TrainBooking.DAL.csproj", "{323B2B8F-7660-4233-9565-3EA0F442609C}"
EndProject
Global
	GlobalSection(SolutionConfigurationPlatforms) = preSolution
		Debug|Any CPU = Debug|Any CPU
		Release|Any CPU = Release|Any CPU
	EndGlobalSection
	GlobalSection(ProjectConfigurationPlatforms) = postSolution
		{A0A581E5-9918-4C97-A2F2-143A7D670F0A}.Debug|Any CPU.ActiveCfg = Debug|Any CPU
		{A0A581E5-9918-4C97-A2F2-143A7D670F0A}.Debug|Any CPU.Build.0 = Debug|Any CPU
		{A0A581E5-9918-4C97-A2F2-143A7D670F0A}.Release|Any CPU.ActiveCfg = Release|Any CPU
		{A0A581E5-9918-4C97-A2F2-143A7D670F0A}.Release|Any CPU.Build.0 = Release|Any CPU
		{EA8CB5D4-426F-435D-A244-CDDE70C47503}.Debug|Any CPU.ActiveCfg = Debug|Any CPU
		{EA8CB5D4-426F-435D-A244-CDDE70C47503}.Debug|Any CPU.Build.0 = Debug|Any CPU
		{EA8CB5D4-426F-435D-A244-CDDE70C47503}.Release|Any CPU.ActiveCfg = Release|Any CPU
		{EA8CB5D4-426F-435D-A244-CDDE70C47503}.Release|Any CPU.Build.0 = Release|Any CPU
		{323B2B8F-7660-4233-9565-3EA0F442609C}.Debug|Any CPU.ActiveCfg = Debug|Any CPU
		{323B2B8F-7660-4233-9565-3EA0F442609C}.Debug|Any CPU.Build.0 = Debug|Any CPU
		{323B2B8F-7660-4233-9565-3EA0F442609C}.Release|Any CPU.ActiveCfg = Release|Any CPU
		{323B2B8F-7660-4233-9565-3EA0F442609C}.Release|Any CPU.Build.0 = Release|Any CPU
	EndGlobalSection
	GlobalSection(SolutionProperties) = preSolution
		HideSolutionNode = FALSE
	EndGlobalSection
EndGlobal
